
Microsoft Visual Studio Solution File, Format Version 12.00
# Visual Studio Version 16
VisualStudioVersion = 16.0.32901.82
MinimumVisualStudioVersion = 10.0.40219.1
Project("{FAE04EC0-301F-11D3-BF4B-00C04F79EFBC}") = "Api_Filmes_BackEnd", "Api_Filmes_BackEnd.csproj", "{EAAC9AFE-B362-44A2-9DFC-938E47203E85}"
EndProject
Global
	GlobalSection(SolutionConfigurationPlatforms) = preSolution
		Debug|Any CPU = Debug|Any CPU
		Release|Any CPU = Release|Any CPU
	EndGlobalSection
	GlobalSection(ProjectConfigurationPlatforms) = postSolution
		{EAAC9AFE-B362-44A2-9DFC-938E47203E85}.Debug|Any CPU.ActiveCfg = Debug|Any CPU
		{EAAC9AFE-B362-44A2-9DFC-938E47203E85}.Debug|Any CPU.Build.0 = Debug|Any CPU
		{EAAC9AFE-B362-44A2-9DFC-938E47203E85}.Release|Any CPU.ActiveCfg = Release|Any CPU
		{EAAC9AFE-B362-44A2-9DFC-938E47203E85}.Release|Any CPU.Build.0 = Release|Any CPU
	EndGlobalSection
	GlobalSection(SolutionProperties) = preSolution
		HideSolutionNode = FALSE
	EndGlobalSection
	GlobalSection(ExtensibilityGlobals) = postSolution
		SolutionGuid = {1F8DEB6A-1F5E-4007-BCAF-42290FB157A9}
	EndGlobalSection
EndGlobal
